
Microsoft Visual Studio Solution File, Format Version 12.00
# Visual Studio Version 16
VisualStudioVersion = 16.0.30002.166
MinimumVisualStudioVersion = 10.0.40219.1
Project("{FAE04EC0-301F-11D3-BF4B-00C04F79EFBC}") = "8.gyakorlat", "8.gyakorlat\8.gyakorlat.csproj", "{93C9CC95-023C-4888-8499-23C2ADF47A0E}"
EndProject
Global
	GlobalSection(SolutionConfigurationPlatforms) = preSolution
		Debug|Any CPU = Debug|Any CPU
		Release|Any CPU = Release|Any CPU
	EndGlobalSection
	GlobalSection(ProjectConfigurationPlatforms) = postSolution
		{93C9CC95-023C-4888-8499-23C2ADF47A0E}.Debug|Any CPU.ActiveCfg = Debug|Any CPU
		{93C9CC95-023C-4888-8499-23C2ADF47A0E}.Debug|Any CPU.Build.0 = Debug|Any CPU
		{93C9CC95-023C-4888-8499-23C2ADF47A0E}.Release|Any CPU.ActiveCfg = Release|Any CPU
		{93C9CC95-023C-4888-8499-23C2ADF47A0E}.Release|Any CPU.Build.0 = Release|Any CPU
	EndGlobalSection
	GlobalSection(SolutionProperties) = preSolution
		HideSolutionNode = FALSE
	EndGlobalSection
	GlobalSection(ExtensibilityGlobals) = postSolution
		SolutionGuid = {44249DC5-79C1-4D7F-98D6-ECFB73FFDD38}
	EndGlobalSection
EndGlobal
